// !$*UTF8*$!
{
	archiveVersion = 1;
	classes = {
	};
	objectVersion = 56;
	objects = {

/* Begin PBXBuildFile section */
		133A87152ADB337500384D5D /* LaunchScreen.storyboard in Resources */ = {isa = PBXBuildFile; fileRef = 13AA92C02AD6A64B00627CB3 /* LaunchScreen.storyboard */; };
		133A87162ADB337500384D5D /* Assets.xcassets in Resources */ = {isa = PBXBuildFile; fileRef = 13AA92BE2AD6A64B00627CB3 /* Assets.xcassets */; };
		133A87172ADB337500384D5D /* Colors.xcassets in Resources */ = {isa = PBXBuildFile; fileRef = 13AA92D82AD6B25300627CB3 /* Colors.xcassets */; };
		133A871A2ADB33E800384D5D /* DGCharts in Frameworks */ = {isa = PBXBuildFile; productRef = 133A87192ADB33E800384D5D /* DGCharts */; };
		133A871F2ADB394A00384D5D /* KlineChartDataSource.swift in Sources */ = {isa = PBXBuildFile; fileRef = 133A871E2ADB394A00384D5D /* KlineChartDataSource.swift */; };
		133A87212ADB396700384D5D /* KlineChartDataProvider.swift in Sources */ = {isa = PBXBuildFile; fileRef = 133A87202ADB396700384D5D /* KlineChartDataProvider.swift */; };
		133A87232ADB397D00384D5D /* DetailViewModelOutput.swift in Sources */ = {isa = PBXBuildFile; fileRef = 133A87222ADB397D00384D5D /* DetailViewModelOutput.swift */; };
		133A87252ADB399400384D5D /* DetailViewModelInput.swift in Sources */ = {isa = PBXBuildFile; fileRef = 133A87242ADB399400384D5D /* DetailViewModelInput.swift */; };
		133A87272ADB3AB200384D5D /* KlineDataRequestDTO.swift in Sources */ = {isa = PBXBuildFile; fileRef = 133A87262ADB3AB200384D5D /* KlineDataRequestDTO.swift */; };
		13AA92B62AD6A64A00627CB3 /* AppDelegate.swift in Sources */ = {isa = PBXBuildFile; fileRef = 13AA92B52AD6A64A00627CB3 /* AppDelegate.swift */; };
		13AA92B82AD6A64A00627CB3 /* SceneDelegate.swift in Sources */ = {isa = PBXBuildFile; fileRef = 13AA92B72AD6A64A00627CB3 /* SceneDelegate.swift */; };
		13AA92CF2AD6AAD400627CB3 /* AlertManager.swift in Sources */ = {isa = PBXBuildFile; fileRef = 13AA92CE2AD6AAD400627CB3 /* AlertManager.swift */; };
		13AA92D22AD6AAE900627CB3 /* LoadingManager.swift in Sources */ = {isa = PBXBuildFile; fileRef = 13AA92D12AD6AAE900627CB3 /* LoadingManager.swift */; };
		13AA92D62AD6AAF000627CB3 /* NetworkManager.swift in Sources */ = {isa = PBXBuildFile; fileRef = 13AA92D42AD6AAF000627CB3 /* NetworkManager.swift */; };
		13AA92D72AD6AAF000627CB3 /* NetworkError.swift in Sources */ = {isa = PBXBuildFile; fileRef = 13AA92D52AD6AAF000627CB3 /* NetworkError.swift */; };
		13AA92DF2AD6B3CB00627CB3 /* UIApplication+Extensions.swift in Sources */ = {isa = PBXBuildFile; fileRef = 13AA92DE2AD6B3CB00627CB3 /* UIApplication+Extensions.swift */; };
		13AA92E12AD6B3FD00627CB3 /* UIView+Extensions.swift in Sources */ = {isa = PBXBuildFile; fileRef = 13AA92E02AD6B3FD00627CB3 /* UIView+Extensions.swift */; };
		13AA92E32AD6B9FD00627CB3 /* RequestMethod.swift in Sources */ = {isa = PBXBuildFile; fileRef = 13AA92E22AD6B9FD00627CB3 /* RequestMethod.swift */; };
		13AA92E72AD6BA1D00627CB3 /* RequestModel.swift in Sources */ = {isa = PBXBuildFile; fileRef = 13AA92E62AD6BA1D00627CB3 /* RequestModel.swift */; };
		13AA92EA2AD6BA3D00627CB3 /* Constant.swift in Sources */ = {isa = PBXBuildFile; fileRef = 13AA92E92AD6BA3D00627CB3 /* Constant.swift */; };
		13AA92EC2AD6BA4B00627CB3 /* API.swift in Sources */ = {isa = PBXBuildFile; fileRef = 13AA92EB2AD6BA4B00627CB3 /* API.swift */; };
		13AA92EE2AD6BAE400627CB3 /* String+Extensions.swift in Sources */ = {isa = PBXBuildFile; fileRef = 13AA92ED2AD6BAE400627CB3 /* String+Extensions.swift */; };
		13AA92F12AD7399700627CB3 /* HomeController.swift in Sources */ = {isa = PBXBuildFile; fileRef = 13AA92F02AD7399700627CB3 /* HomeController.swift */; };
		13AA92F52AD739CB00627CB3 /* HomeBuilder.swift in Sources */ = {isa = PBXBuildFile; fileRef = 13AA92F42AD739CB00627CB3 /* HomeBuilder.swift */; };
		13AA92F82AD73A1600627CB3 /* HomeViewModel.swift in Sources */ = {isa = PBXBuildFile; fileRef = 13AA92F72AD73A1600627CB3 /* HomeViewModel.swift */; };
		13AA92FB2AD73A6D00627CB3 /* HomeRouter.swift in Sources */ = {isa = PBXBuildFile; fileRef = 13AA92FA2AD73A6D00627CB3 /* HomeRouter.swift */; };
		13AA92FE2AD7402200627CB3 /* ResponseModel.swift in Sources */ = {isa = PBXBuildFile; fileRef = 13AA92FD2AD7402200627CB3 /* ResponseModel.swift */; };
		13AA93002AD7D41800627CB3 /* GetAllPairsResponseModel.swift in Sources */ = {isa = PBXBuildFile; fileRef = 13AA92FF2AD7D41800627CB3 /* GetAllPairsResponseModel.swift */; };
		13AA93022AD7D44200627CB3 /* Pair.swift in Sources */ = {isa = PBXBuildFile; fileRef = 13AA93012AD7D44200627CB3 /* Pair.swift */; };
		13AA93042AD7D60B00627CB3 /* GetAllPairsRequestModel.swift in Sources */ = {isa = PBXBuildFile; fileRef = 13AA93032AD7D60B00627CB3 /* GetAllPairsRequestModel.swift */; };
		13C7F5AB2AD85BCD00B908BE /* PairAPI.swift in Sources */ = {isa = PBXBuildFile; fileRef = 13C7F5AA2AD85BCD00B908BE /* PairAPI.swift */; };
		13C7F5AE2AD89AB200B908BE /* HomePairCollectionViewCell.swift in Sources */ = {isa = PBXBuildFile; fileRef = 13C7F5AD2AD89AB200B908BE /* HomePairCollectionViewCell.swift */; };
		13C7F5B02AD89ACD00B908BE /* HomePairCollectionViewCellProvider.swift in Sources */ = {isa = PBXBuildFile; fileRef = 13C7F5AF2AD89ACD00B908BE /* HomePairCollectionViewCellProvider.swift */; };
		13C7F5B32AD89F1B00B908BE /* Double+Extensions.swift in Sources */ = {isa = PBXBuildFile; fileRef = 13C7F5B22AD89F1B00B908BE /* Double+Extensions.swift */; };
		13C7F5B62AD89FF000B908BE /* HomeFavoriteCollectionViewCell.swift in Sources */ = {isa = PBXBuildFile; fileRef = 13C7F5B52AD89FF000B908BE /* HomeFavoriteCollectionViewCell.swift */; };
		13C7F5B82AD8A03500B908BE /* HomeFavoriteCollectionViewCellProvider.swift in Sources */ = {isa = PBXBuildFile; fileRef = 13C7F5B72AD8A03500B908BE /* HomeFavoriteCollectionViewCellProvider.swift */; };
		13C7F5BF2AD8A4FC00B908BE /* Section.swift in Sources */ = {isa = PBXBuildFile; fileRef = 13C7F5BE2AD8A4FC00B908BE /* Section.swift */; };
		13C7F5C32AD8A70500B908BE /* HomePairCollectionViewCellDTO.swift in Sources */ = {isa = PBXBuildFile; fileRef = 13C7F5C22AD8A70500B908BE /* HomePairCollectionViewCellDTO.swift */; };
		13C7F5C52AD8A72900B908BE /* HomeFavoriteCollectionViewCellDTO.swift in Sources */ = {isa = PBXBuildFile; fileRef = 13C7F5C42AD8A72900B908BE /* HomeFavoriteCollectionViewCellDTO.swift */; };
		13C7F5C72AD8ACFE00B908BE /* SectionHeaderReusableView.swift in Sources */ = {isa = PBXBuildFile; fileRef = 13C7F5C62AD8ACFE00B908BE /* SectionHeaderReusableView.swift */; };
		13C7F5CB2AD9280B00B908BE /* UserDefaultsManager.swift in Sources */ = {isa = PBXBuildFile; fileRef = 13C7F5CA2AD9280B00B908BE /* UserDefaultsManager.swift */; };
		13C7F5CD2AD92AC400B908BE /* UserDefault.swift in Sources */ = {isa = PBXBuildFile; fileRef = 13C7F5CC2AD92AC400B908BE /* UserDefault.swift */; };
		13C7F5D12AD966FE00B908BE /* Item.swift in Sources */ = {isa = PBXBuildFile; fileRef = 13C7F5D02AD966FE00B908BE /* Item.swift */; };
		13C7F5D32AD9F16100B908BE /* HomeViewModelInput.swift in Sources */ = {isa = PBXBuildFile; fileRef = 13C7F5D22AD9F16100B908BE /* HomeViewModelInput.swift */; };
		13C7F5D52AD9F17C00B908BE /* HomeViewModelOutput.swift in Sources */ = {isa = PBXBuildFile; fileRef = 13C7F5D42AD9F17C00B908BE /* HomeViewModelOutput.swift */; };
		13C7F5DC2ADAD9BC00B908BE /* DetailController.swift in Sources */ = {isa = PBXBuildFile; fileRef = 13C7F5DB2ADAD9BC00B908BE /* DetailController.swift */; };
		13C7F5DE2ADAD9DB00B908BE /* DetailViewModel.swift in Sources */ = {isa = PBXBuildFile; fileRef = 13C7F5DD2ADAD9DB00B908BE /* DetailViewModel.swift */; };
		13C7F5E22ADADAD200B908BE /* DetailBuilder.swift in Sources */ = {isa = PBXBuildFile; fileRef = 13C7F5E12ADADAD200B908BE /* DetailBuilder.swift */; };
		13C7F5E92ADADE1400B908BE /* GetKlineDataRequestModel.swift in Sources */ = {isa = PBXBuildFile; fileRef = 13C7F5E82ADADE1400B908BE /* GetKlineDataRequestModel.swift */; };
		13C7F5EB2ADADFD400B908BE /* GetKlineDataResponseModel.swift in Sources */ = {isa = PBXBuildFile; fileRef = 13C7F5EA2ADADFD400B908BE /* GetKlineDataResponseModel.swift */; };
		13C7F5EF2ADAE71D00B908BE /* Date+Extensions.swift in Sources */ = {isa = PBXBuildFile; fileRef = 13C7F5EE2ADAE71D00B908BE /* Date+Extensions.swift */; };
/* End PBXBuildFile section */

/* Begin PBXCopyFilesBuildPhase section */
		13C7F6002ADB199400B908BE /* Embed Frameworks */ = {
			isa = PBXCopyFilesBuildPhase;
			buildActionMask = 2147483647;
			dstPath = "";
			dstSubfolderSpec = 10;
			files = (
			);
			name = "Embed Frameworks";
			runOnlyForDeploymentPostprocessing = 0;
		};
/* End PBXCopyFilesBuildPhase section */

/* Begin PBXFileReference section */
		133A871E2ADB394A00384D5D /* KlineChartDataSource.swift */ = {isa = PBXFileReference; lastKnownFileType = sourcecode.swift; path = KlineChartDataSource.swift; sourceTree = "<group>"; };
		133A87202ADB396700384D5D /* KlineChartDataProvider.swift */ = {isa = PBXFileReference; lastKnownFileType = sourcecode.swift; path = KlineChartDataProvider.swift; sourceTree = "<group>"; };
		133A87222ADB397D00384D5D /* DetailViewModelOutput.swift */ = {isa = PBXFileReference; lastKnownFileType = sourcecode.swift; path = DetailViewModelOutput.swift; sourceTree = "<group>"; };
		133A87242ADB399400384D5D /* DetailViewModelInput.swift */ = {isa = PBXFileReference; lastKnownFileType = sourcecode.swift; path = DetailViewModelInput.swift; sourceTree = "<group>"; };
		133A87262ADB3AB200384D5D /* KlineDataRequestDTO.swift */ = {isa = PBXFileReference; lastKnownFileType = sourcecode.swift; path = KlineDataRequestDTO.swift; sourceTree = "<group>"; };
		13AA92B22AD6A64A00627CB3 /* ExRateVaganza.app */ = {isa = PBXFileReference; explicitFileType = wrapper.application; includeInIndex = 0; path = ExRateVaganza.app; sourceTree = BUILT_PRODUCTS_DIR; };
		13AA92B52AD6A64A00627CB3 /* AppDelegate.swift */ = {isa = PBXFileReference; lastKnownFileType = sourcecode.swift; path = AppDelegate.swift; sourceTree = "<group>"; };
		13AA92B72AD6A64A00627CB3 /* SceneDelegate.swift */ = {isa = PBXFileReference; lastKnownFileType = sourcecode.swift; path = SceneDelegate.swift; sourceTree = "<group>"; };
		13AA92BE2AD6A64B00627CB3 /* Assets.xcassets */ = {isa = PBXFileReference; lastKnownFileType = folder.assetcatalog; path = Assets.xcassets; sourceTree = "<group>"; };
		13AA92C12AD6A64B00627CB3 /* Base */ = {isa = PBXFileReference; lastKnownFileType = file.storyboard; name = Base; path = Base.lproj/LaunchScreen.storyboard; sourceTree = "<group>"; };
		13AA92C32AD6A64B00627CB3 /* Info.plist */ = {isa = PBXFileReference; lastKnownFileType = text.plist.xml; path = Info.plist; sourceTree = "<group>"; };
		13AA92CE2AD6AAD400627CB3 /* AlertManager.swift */ = {isa = PBXFileReference; fileEncoding = 4; lastKnownFileType = sourcecode.swift; path = AlertManager.swift; sourceTree = "<group>"; };
		13AA92D12AD6AAE900627CB3 /* LoadingManager.swift */ = {isa = PBXFileReference; fileEncoding = 4; lastKnownFileType = sourcecode.swift; path = LoadingManager.swift; sourceTree = "<group>"; };
		13AA92D42AD6AAF000627CB3 /* NetworkManager.swift */ = {isa = PBXFileReference; fileEncoding = 4; lastKnownFileType = sourcecode.swift; path = NetworkManager.swift; sourceTree = "<group>"; };
		13AA92D52AD6AAF000627CB3 /* NetworkError.swift */ = {isa = PBXFileReference; fileEncoding = 4; lastKnownFileType = sourcecode.swift; path = NetworkError.swift; sourceTree = "<group>"; };
		13AA92D82AD6B25300627CB3 /* Colors.xcassets */ = {isa = PBXFileReference; lastKnownFileType = folder.assetcatalog; path = Colors.xcassets; sourceTree = "<group>"; };
		13AA92DE2AD6B3CB00627CB3 /* UIApplication+Extensions.swift */ = {isa = PBXFileReference; lastKnownFileType = sourcecode.swift; path = "UIApplication+Extensions.swift"; sourceTree = "<group>"; };
		13AA92E02AD6B3FD00627CB3 /* UIView+Extensions.swift */ = {isa = PBXFileReference; lastKnownFileType = sourcecode.swift; path = "UIView+Extensions.swift"; sourceTree = "<group>"; };
		13AA92E22AD6B9FD00627CB3 /* RequestMethod.swift */ = {isa = PBXFileReference; lastKnownFileType = sourcecode.swift; path = RequestMethod.swift; sourceTree = "<group>"; };
		13AA92E62AD6BA1D00627CB3 /* RequestModel.swift */ = {isa = PBXFileReference; lastKnownFileType = sourcecode.swift; path = RequestModel.swift; sourceTree = "<group>"; };
		13AA92E92AD6BA3D00627CB3 /* Constant.swift */ = {isa = PBXFileReference; lastKnownFileType = sourcecode.swift; path = Constant.swift; sourceTree = "<group>"; };
		13AA92EB2AD6BA4B00627CB3 /* API.swift */ = {isa = PBXFileReference; lastKnownFileType = sourcecode.swift; path = API.swift; sourceTree = "<group>"; };
		13AA92ED2AD6BAE400627CB3 /* String+Extensions.swift */ = {isa = PBXFileReference; lastKnownFileType = sourcecode.swift; path = "String+Extensions.swift"; sourceTree = "<group>"; };
		13AA92F02AD7399700627CB3 /* HomeController.swift */ = {isa = PBXFileReference; lastKnownFileType = sourcecode.swift; path = HomeController.swift; sourceTree = "<group>"; };
		13AA92F42AD739CB00627CB3 /* HomeBuilder.swift */ = {isa = PBXFileReference; lastKnownFileType = sourcecode.swift; path = HomeBuilder.swift; sourceTree = "<group>"; };
		13AA92F72AD73A1600627CB3 /* HomeViewModel.swift */ = {isa = PBXFileReference; lastKnownFileType = sourcecode.swift; path = HomeViewModel.swift; sourceTree = "<group>"; };
		13AA92FA2AD73A6D00627CB3 /* HomeRouter.swift */ = {isa = PBXFileReference; lastKnownFileType = sourcecode.swift; path = HomeRouter.swift; sourceTree = "<group>"; };
		13AA92FD2AD7402200627CB3 /* ResponseModel.swift */ = {isa = PBXFileReference; lastKnownFileType = sourcecode.swift; path = ResponseModel.swift; sourceTree = "<group>"; };
		13AA92FF2AD7D41800627CB3 /* GetAllPairsResponseModel.swift */ = {isa = PBXFileReference; lastKnownFileType = sourcecode.swift; path = GetAllPairsResponseModel.swift; sourceTree = "<group>"; };
		13AA93012AD7D44200627CB3 /* Pair.swift */ = {isa = PBXFileReference; lastKnownFileType = sourcecode.swift; path = Pair.swift; sourceTree = "<group>"; };
		13AA93032AD7D60B00627CB3 /* GetAllPairsRequestModel.swift */ = {isa = PBXFileReference; lastKnownFileType = sourcecode.swift; path = GetAllPairsRequestModel.swift; sourceTree = "<group>"; };
		13C7F5AA2AD85BCD00B908BE /* PairAPI.swift */ = {isa = PBXFileReference; lastKnownFileType = sourcecode.swift; path = PairAPI.swift; sourceTree = "<group>"; };
		13C7F5AD2AD89AB200B908BE /* HomePairCollectionViewCell.swift */ = {isa = PBXFileReference; lastKnownFileType = sourcecode.swift; path = HomePairCollectionViewCell.swift; sourceTree = "<group>"; };
		13C7F5AF2AD89ACD00B908BE /* HomePairCollectionViewCellProvider.swift */ = {isa = PBXFileReference; lastKnownFileType = sourcecode.swift; path = HomePairCollectionViewCellProvider.swift; sourceTree = "<group>"; };
		13C7F5B22AD89F1B00B908BE /* Double+Extensions.swift */ = {isa = PBXFileReference; lastKnownFileType = sourcecode.swift; path = "Double+Extensions.swift"; sourceTree = "<group>"; };
		13C7F5B52AD89FF000B908BE /* HomeFavoriteCollectionViewCell.swift */ = {isa = PBXFileReference; lastKnownFileType = sourcecode.swift; path = HomeFavoriteCollectionViewCell.swift; sourceTree = "<group>"; };
		13C7F5B72AD8A03500B908BE /* HomeFavoriteCollectionViewCellProvider.swift */ = {isa = PBXFileReference; lastKnownFileType = sourcecode.swift; path = HomeFavoriteCollectionViewCellProvider.swift; sourceTree = "<group>"; };
		13C7F5BE2AD8A4FC00B908BE /* Section.swift */ = {isa = PBXFileReference; lastKnownFileType = sourcecode.swift; path = Section.swift; sourceTree = "<group>"; };
		13C7F5C22AD8A70500B908BE /* HomePairCollectionViewCellDTO.swift */ = {isa = PBXFileReference; lastKnownFileType = sourcecode.swift; path = HomePairCollectionViewCellDTO.swift; sourceTree = "<group>"; };
		13C7F5C42AD8A72900B908BE /* HomeFavoriteCollectionViewCellDTO.swift */ = {isa = PBXFileReference; lastKnownFileType = sourcecode.swift; path = HomeFavoriteCollectionViewCellDTO.swift; sourceTree = "<group>"; };
		13C7F5C62AD8ACFE00B908BE /* SectionHeaderReusableView.swift */ = {isa = PBXFileReference; fileEncoding = 4; lastKnownFileType = sourcecode.swift; path = SectionHeaderReusableView.swift; sourceTree = "<group>"; };
		13C7F5CA2AD9280B00B908BE /* UserDefaultsManager.swift */ = {isa = PBXFileReference; lastKnownFileType = sourcecode.swift; path = UserDefaultsManager.swift; sourceTree = "<group>"; };
		13C7F5CC2AD92AC400B908BE /* UserDefault.swift */ = {isa = PBXFileReference; lastKnownFileType = sourcecode.swift; path = UserDefault.swift; sourceTree = "<group>"; };
		13C7F5D02AD966FE00B908BE /* Item.swift */ = {isa = PBXFileReference; lastKnownFileType = sourcecode.swift; path = Item.swift; sourceTree = "<group>"; };
		13C7F5D22AD9F16100B908BE /* HomeViewModelInput.swift */ = {isa = PBXFileReference; lastKnownFileType = sourcecode.swift; path = HomeViewModelInput.swift; sourceTree = "<group>"; };
		13C7F5D42AD9F17C00B908BE /* HomeViewModelOutput.swift */ = {isa = PBXFileReference; lastKnownFileType = sourcecode.swift; path = HomeViewModelOutput.swift; sourceTree = "<group>"; };
		13C7F5DB2ADAD9BC00B908BE /* DetailController.swift */ = {isa = PBXFileReference; lastKnownFileType = sourcecode.swift; path = DetailController.swift; sourceTree = "<group>"; };
		13C7F5DD2ADAD9DB00B908BE /* DetailViewModel.swift */ = {isa = PBXFileReference; lastKnownFileType = sourcecode.swift; path = DetailViewModel.swift; sourceTree = "<group>"; };
		13C7F5E12ADADAD200B908BE /* DetailBuilder.swift */ = {isa = PBXFileReference; lastKnownFileType = sourcecode.swift; path = DetailBuilder.swift; sourceTree = "<group>"; };
		13C7F5E82ADADE1400B908BE /* GetKlineDataRequestModel.swift */ = {isa = PBXFileReference; lastKnownFileType = sourcecode.swift; path = GetKlineDataRequestModel.swift; sourceTree = "<group>"; };
		13C7F5EA2ADADFD400B908BE /* GetKlineDataResponseModel.swift */ = {isa = PBXFileReference; lastKnownFileType = sourcecode.swift; path = GetKlineDataResponseModel.swift; sourceTree = "<group>"; };
		13C7F5EE2ADAE71D00B908BE /* Date+Extensions.swift */ = {isa = PBXFileReference; lastKnownFileType = sourcecode.swift; path = "Date+Extensions.swift"; sourceTree = "<group>"; };
/* End PBXFileReference section */

/* Begin PBXFrameworksBuildPhase section */
		13AA92AF2AD6A64A00627CB3 /* Frameworks */ = {
			isa = PBXFrameworksBuildPhase;
			buildActionMask = 2147483647;
			files = (
				133A871A2ADB33E800384D5D /* DGCharts in Frameworks */,
			);
			runOnlyForDeploymentPostprocessing = 0;
		};
/* End PBXFrameworksBuildPhase section */

/* Begin PBXGroup section */
		133A871D2ADB37C400384D5D /* KlineChartDataSource */ = {
			isa = PBXGroup;
			children = (
				133A87202ADB396700384D5D /* KlineChartDataProvider.swift */,
				133A871E2ADB394A00384D5D /* KlineChartDataSource.swift */,
			);
			path = KlineChartDataSource;
			sourceTree = "<group>";
		};
		133A87282ADB3B1200384D5D /* LaunchScreen */ = {
			isa = PBXGroup;
			children = (
				13AA92C02AD6A64B00627CB3 /* LaunchScreen.storyboard */,
			);
			path = LaunchScreen;
			sourceTree = "<group>";
		};
		13AA92A92AD6A64A00627CB3 = {
			isa = PBXGroup;
			children = (
				13AA92B42AD6A64A00627CB3 /* ExRateVaganza */,
				13AA92B32AD6A64A00627CB3 /* Products */,
				13C7F5F02ADB113D00B908BE /* Frameworks */,
			);
			sourceTree = "<group>";
		};
		13AA92B32AD6A64A00627CB3 /* Products */ = {
			isa = PBXGroup;
			children = (
				13AA92B22AD6A64A00627CB3 /* ExRateVaganza.app */,
			);
			name = Products;
			sourceTree = "<group>";
		};
		13AA92B42AD6A64A00627CB3 /* ExRateVaganza */ = {
			isa = PBXGroup;
			children = (
				13C7F5A92AD85BB900B908BE /* APIs */,
				13AA92C92AD6A89300627CB3 /* App */,
				13C7F5B92AD8A4C000B908BE /* Components */,
				13AA92CC2AD6AABD00627CB3 /* Managers */,
				13AA92E42AD6BA0B00627CB3 /* Models */,
				13AA92CA2AD6A95700627CB3 /* Modules */,
				13AA92CB2AD6A96600627CB3 /* Resources */,
				13AA92DC2AD6B3AF00627CB3 /* Utilities */,
			);
			path = ExRateVaganza;
			sourceTree = "<group>";
		};
		13AA92C92AD6A89300627CB3 /* App */ = {
			isa = PBXGroup;
			children = (
				13AA92C32AD6A64B00627CB3 /* Info.plist */,
				13AA92B52AD6A64A00627CB3 /* AppDelegate.swift */,
				13AA92B72AD6A64A00627CB3 /* SceneDelegate.swift */,
			);
			path = App;
			sourceTree = "<group>";
		};
		13AA92CA2AD6A95700627CB3 /* Modules */ = {
			isa = PBXGroup;
			children = (
				13C7F5D62ADAD98300B908BE /* Detail */,
				13AA92EF2AD7397E00627CB3 /* Home */,
				133A87282ADB3B1200384D5D /* LaunchScreen */,
			);
			path = Modules;
			sourceTree = "<group>";
		};
		13AA92CB2AD6A96600627CB3 /* Resources */ = {
			isa = PBXGroup;
			children = (
				13AA92BE2AD6A64B00627CB3 /* Assets.xcassets */,
				13AA92D82AD6B25300627CB3 /* Colors.xcassets */,
			);
			path = Resources;
			sourceTree = "<group>";
		};
		13AA92CC2AD6AABD00627CB3 /* Managers */ = {
			isa = PBXGroup;
			children = (
				13AA92CD2AD6AAD400627CB3 /* AlertManager */,
				13AA92D02AD6AAE900627CB3 /* LoadingManager */,
				13AA92D32AD6AAF000627CB3 /* NetworkManager */,
				13C7F5C92AD927FA00B908BE /* UserDefaultsManager */,
			);
			path = Managers;
			sourceTree = "<group>";
		};
		13AA92CD2AD6AAD400627CB3 /* AlertManager */ = {
			isa = PBXGroup;
			children = (
				13AA92CE2AD6AAD400627CB3 /* AlertManager.swift */,
			);
			path = AlertManager;
			sourceTree = "<group>";
		};
		13AA92D02AD6AAE900627CB3 /* LoadingManager */ = {
			isa = PBXGroup;
			children = (
				13AA92D12AD6AAE900627CB3 /* LoadingManager.swift */,
			);
			path = LoadingManager;
			sourceTree = "<group>";
		};
		13AA92D32AD6AAF000627CB3 /* NetworkManager */ = {
			isa = PBXGroup;
			children = (
				13AA92D52AD6AAF000627CB3 /* NetworkError.swift */,
				13AA92D42AD6AAF000627CB3 /* NetworkManager.swift */,
				13AA92E22AD6B9FD00627CB3 /* RequestMethod.swift */,
			);
			path = NetworkManager;
			sourceTree = "<group>";
		};
		13AA92DC2AD6B3AF00627CB3 /* Utilities */ = {
			isa = PBXGroup;
			children = (
				13AA92E82AD6BA3200627CB3 /* Constants */,
				13AA92DD2AD6B3B200627CB3 /* Extensions */,
			);
			path = Utilities;
			sourceTree = "<group>";
		};
		13AA92DD2AD6B3B200627CB3 /* Extensions */ = {
			isa = PBXGroup;
			children = (
				13C7F5B22AD89F1B00B908BE /* Double+Extensions.swift */,
				13AA92ED2AD6BAE400627CB3 /* String+Extensions.swift */,
				13AA92DE2AD6B3CB00627CB3 /* UIApplication+Extensions.swift */,
				13AA92E02AD6B3FD00627CB3 /* UIView+Extensions.swift */,
				13C7F5EE2ADAE71D00B908BE /* Date+Extensions.swift */,
			);
			path = Extensions;
			sourceTree = "<group>";
		};
		13AA92E42AD6BA0B00627CB3 /* Models */ = {
			isa = PBXGroup;
			children = (
				133A87262ADB3AB200384D5D /* KlineDataRequestDTO.swift */,
				13AA92E52AD6BA0F00627CB3 /* Request */,
				13AA92FC2AD7401900627CB3 /* Response */,
			);
			path = Models;
			sourceTree = "<group>";
		};
		13AA92E52AD6BA0F00627CB3 /* Request */ = {
			isa = PBXGroup;
			children = (
				13AA93032AD7D60B00627CB3 /* GetAllPairsRequestModel.swift */,
				13C7F5E82ADADE1400B908BE /* GetKlineDataRequestModel.swift */,
				13AA92E62AD6BA1D00627CB3 /* RequestModel.swift */,
			);
			path = Request;
			sourceTree = "<group>";
		};
		13AA92E82AD6BA3200627CB3 /* Constants */ = {
			isa = PBXGroup;
			children = (
				13AA92EB2AD6BA4B00627CB3 /* API.swift */,
				13AA92E92AD6BA3D00627CB3 /* Constant.swift */,
				13C7F5CC2AD92AC400B908BE /* UserDefault.swift */,
			);
			path = Constants;
			sourceTree = "<group>";
		};
		13AA92EF2AD7397E00627CB3 /* Home */ = {
			isa = PBXGroup;
			children = (
				13AA92F32AD739C100627CB3 /* Builder */,
				13AA92F92AD73A6100627CB3 /* Router */,
				13AA92F22AD739BE00627CB3 /* View */,
				13AA92F62AD73A0E00627CB3 /* ViewModel */,
			);
			path = Home;
			sourceTree = "<group>";
		};
		13AA92F22AD739BE00627CB3 /* View */ = {
			isa = PBXGroup;
			children = (
				13AA92F02AD7399700627CB3 /* HomeController.swift */,
				13C7F5AC2AD89A9100B908BE /* Cell */,
			);
			path = View;
			sourceTree = "<group>";
		};
		13AA92F32AD739C100627CB3 /* Builder */ = {
			isa = PBXGroup;
			children = (
				13AA92F42AD739CB00627CB3 /* HomeBuilder.swift */,
			);
			path = Builder;
			sourceTree = "<group>";
		};
		13AA92F62AD73A0E00627CB3 /* ViewModel */ = {
			isa = PBXGroup;
			children = (
				13AA92F72AD73A1600627CB3 /* HomeViewModel.swift */,
				13C7F5D22AD9F16100B908BE /* HomeViewModelInput.swift */,
				13C7F5D42AD9F17C00B908BE /* HomeViewModelOutput.swift */,
			);
			path = ViewModel;
			sourceTree = "<group>";
		};
		13AA92F92AD73A6100627CB3 /* Router */ = {
			isa = PBXGroup;
			children = (
				13AA92FA2AD73A6D00627CB3 /* HomeRouter.swift */,
			);
			path = Router;
			sourceTree = "<group>";
		};
		13AA92FC2AD7401900627CB3 /* Response */ = {
			isa = PBXGroup;
			children = (
				13AA92FF2AD7D41800627CB3 /* GetAllPairsResponseModel.swift */,
				13C7F5EA2ADADFD400B908BE /* GetKlineDataResponseModel.swift */,
				13AA93012AD7D44200627CB3 /* Pair.swift */,
				13AA92FD2AD7402200627CB3 /* ResponseModel.swift */,
			);
			path = Response;
			sourceTree = "<group>";
		};
		13C7F5A92AD85BB900B908BE /* APIs */ = {
			isa = PBXGroup;
			children = (
				13C7F5AA2AD85BCD00B908BE /* PairAPI.swift */,
			);
			path = APIs;
			sourceTree = "<group>";
		};
		13C7F5AC2AD89A9100B908BE /* Cell */ = {
			isa = PBXGroup;
			children = (
				13C7F5B42AD89FE000B908BE /* HomeFavoriteCollectionViewCell */,
				13C7F5B12AD89E0C00B908BE /* HomePairCollectionViewCell */,
			);
			path = Cell;
			sourceTree = "<group>";
		};
		13C7F5B12AD89E0C00B908BE /* HomePairCollectionViewCell */ = {
			isa = PBXGroup;
			children = (
				13C7F5AD2AD89AB200B908BE /* HomePairCollectionViewCell.swift */,
				13C7F5C22AD8A70500B908BE /* HomePairCollectionViewCellDTO.swift */,
				13C7F5AF2AD89ACD00B908BE /* HomePairCollectionViewCellProvider.swift */,
			);
			path = HomePairCollectionViewCell;
			sourceTree = "<group>";
		};
		13C7F5B42AD89FE000B908BE /* HomeFavoriteCollectionViewCell */ = {
			isa = PBXGroup;
			children = (
				13C7F5B52AD89FF000B908BE /* HomeFavoriteCollectionViewCell.swift */,
				13C7F5C42AD8A72900B908BE /* HomeFavoriteCollectionViewCellDTO.swift */,
				13C7F5B72AD8A03500B908BE /* HomeFavoriteCollectionViewCellProvider.swift */,
			);
			path = HomeFavoriteCollectionViewCell;
			sourceTree = "<group>";
		};
		13C7F5B92AD8A4C000B908BE /* Components */ = {
			isa = PBXGroup;
			children = (
				13C7F5BD2AD8A4EF00B908BE /* Section */,
				13C7F5C82AD8AD0A00B908BE /* SectionHeaderReusableView */,
			);
			path = Components;
			sourceTree = "<group>";
		};
		13C7F5BD2AD8A4EF00B908BE /* Section */ = {
			isa = PBXGroup;
			children = (
				13C7F5D02AD966FE00B908BE /* Item.swift */,
				13C7F5BE2AD8A4FC00B908BE /* Section.swift */,
			);
			path = Section;
			sourceTree = "<group>";
		};
		13C7F5C82AD8AD0A00B908BE /* SectionHeaderReusableView */ = {
			isa = PBXGroup;
			children = (
				13C7F5C62AD8ACFE00B908BE /* SectionHeaderReusableView.swift */,
			);
			path = SectionHeaderReusableView;
			sourceTree = "<group>";
		};
		13C7F5C92AD927FA00B908BE /* UserDefaultsManager */ = {
			isa = PBXGroup;
			children = (
				13C7F5CA2AD9280B00B908BE /* UserDefaultsManager.swift */,
			);
			path = UserDefaultsManager;
			sourceTree = "<group>";
		};
		13C7F5D62ADAD98300B908BE /* Detail */ = {
			isa = PBXGroup;
			children = (
				13C7F5D72ADAD99500B908BE /* Builder */,
				13C7F5D92ADAD9A000B908BE /* View */,
				13C7F5DA2ADAD9A300B908BE /* ViewModel */,
			);
			path = Detail;
			sourceTree = "<group>";
		};
		13C7F5D72ADAD99500B908BE /* Builder */ = {
			isa = PBXGroup;
			children = (
				13C7F5E12ADADAD200B908BE /* DetailBuilder.swift */,
			);
			path = Builder;
			sourceTree = "<group>";
		};
		13C7F5D92ADAD9A000B908BE /* View */ = {
			isa = PBXGroup;
			children = (
				13C7F5DB2ADAD9BC00B908BE /* DetailController.swift */,
			);
			path = View;
			sourceTree = "<group>";
		};
		13C7F5DA2ADAD9A300B908BE /* ViewModel */ = {
			isa = PBXGroup;
			children = (
				13C7F5DD2ADAD9DB00B908BE /* DetailViewModel.swift */,
				133A87242ADB399400384D5D /* DetailViewModelInput.swift */,
				133A87222ADB397D00384D5D /* DetailViewModelOutput.swift */,
				133A871D2ADB37C400384D5D /* KlineChartDataSource */,
			);
			path = ViewModel;
			sourceTree = "<group>";
		};
		13C7F5F02ADB113D00B908BE /* Frameworks */ = {
			isa = PBXGroup;
			children = (
			);
			name = Frameworks;
			sourceTree = "<group>";
		};
/* End PBXGroup section */

/* Begin PBXNativeTarget section */
		13AA92B12AD6A64A00627CB3 /* ExRateVaganza */ = {
			isa = PBXNativeTarget;
			buildConfigurationList = 13AA92C62AD6A64B00627CB3 /* Build configuration list for PBXNativeTarget "ExRateVaganza" */;
			buildPhases = (
				13AA92AE2AD6A64A00627CB3 /* Sources */,
				13AA92AF2AD6A64A00627CB3 /* Frameworks */,
				13C7F6002ADB199400B908BE /* Embed Frameworks */,
				133A87142ADB336C00384D5D /* Resources */,
			);
			buildRules = (
			);
			dependencies = (
			);
			name = ExRateVaganza;
			packageProductDependencies = (
				133A87192ADB33E800384D5D /* DGCharts */,
			);
			productName = ExRateVaganza;
			productReference = 13AA92B22AD6A64A00627CB3 /* ExRateVaganza.app */;
			productType = "com.apple.product-type.application";
		};
/* End PBXNativeTarget section */

/* Begin PBXProject section */
		13AA92AA2AD6A64A00627CB3 /* Project object */ = {
			isa = PBXProject;
			attributes = {
				BuildIndependentTargetsInParallel = 1;
				LastSwiftUpdateCheck = 1500;
				LastUpgradeCheck = 1500;
				TargetAttributes = {
					13AA92B12AD6A64A00627CB3 = {
						CreatedOnToolsVersion = 15.0;
					};
				};
			};
			buildConfigurationList = 13AA92AD2AD6A64A00627CB3 /* Build configuration list for PBXProject "ExRateVaganza" */;
			compatibilityVersion = "Xcode 14.0";
			developmentRegion = en;
			hasScannedForEncodings = 0;
			knownRegions = (
				en,
				Base,
			);
			mainGroup = 13AA92A92AD6A64A00627CB3;
			packageReferences = (
				133A87182ADB33E800384D5D /* XCRemoteSwiftPackageReference "Charts" */,
			);
			productRefGroup = 13AA92B32AD6A64A00627CB3 /* Products */;
			projectDirPath = "";
			projectRoot = "";
			targets = (
				13AA92B12AD6A64A00627CB3 /* ExRateVaganza */,
			);
		};
/* End PBXProject section */

/* Begin PBXResourcesBuildPhase section */
		133A87142ADB336C00384D5D /* Resources */ = {
			isa = PBXResourcesBuildPhase;
			buildActionMask = 2147483647;
			files = (
				133A87152ADB337500384D5D /* LaunchScreen.storyboard in Resources */,
				133A87162ADB337500384D5D /* Assets.xcassets in Resources */,
				133A87172ADB337500384D5D /* Colors.xcassets in Resources */,
			);
			runOnlyForDeploymentPostprocessing = 0;
		};
/* End PBXResourcesBuildPhase section */

/* Begin PBXSourcesBuildPhase section */
		13AA92AE2AD6A64A00627CB3 /* Sources */ = {
			isa = PBXSourcesBuildPhase;
			buildActionMask = 2147483647;
			files = (
				13AA92D62AD6AAF000627CB3 /* NetworkManager.swift in Sources */,
				13AA92D72AD6AAF000627CB3 /* NetworkError.swift in Sources */,
				13C7F5D12AD966FE00B908BE /* Item.swift in Sources */,
				13C7F5AE2AD89AB200B908BE /* HomePairCollectionViewCell.swift in Sources */,
				13C7F5DC2ADAD9BC00B908BE /* DetailController.swift in Sources */,
				133A87232ADB397D00384D5D /* DetailViewModelOutput.swift in Sources */,
				13C7F5EB2ADADFD400B908BE /* GetKlineDataResponseModel.swift in Sources */,
				13AA92F12AD7399700627CB3 /* HomeController.swift in Sources */,
				13AA93002AD7D41800627CB3 /* GetAllPairsResponseModel.swift in Sources */,
				13C7F5DE2ADAD9DB00B908BE /* DetailViewModel.swift in Sources */,
				13C7F5E92ADADE1400B908BE /* GetKlineDataRequestModel.swift in Sources */,
				13C7F5B62AD89FF000B908BE /* HomeFavoriteCollectionViewCell.swift in Sources */,
				13C7F5CB2AD9280B00B908BE /* UserDefaultsManager.swift in Sources */,
				13C7F5C72AD8ACFE00B908BE /* SectionHeaderReusableView.swift in Sources */,
				13AA92F82AD73A1600627CB3 /* HomeViewModel.swift in Sources */,
				13C7F5D52AD9F17C00B908BE /* HomeViewModelOutput.swift in Sources */,
				13AA92D22AD6AAE900627CB3 /* LoadingManager.swift in Sources */,
				13AA92E12AD6B3FD00627CB3 /* UIView+Extensions.swift in Sources */,
				133A871F2ADB394A00384D5D /* KlineChartDataSource.swift in Sources */,
				13AA92CF2AD6AAD400627CB3 /* AlertManager.swift in Sources */,
				13AA92B62AD6A64A00627CB3 /* AppDelegate.swift in Sources */,
				13C7F5BF2AD8A4FC00B908BE /* Section.swift in Sources */,
				13C7F5CD2AD92AC400B908BE /* UserDefault.swift in Sources */,
				13C7F5B02AD89ACD00B908BE /* HomePairCollectionViewCellProvider.swift in Sources */,
				13AA93022AD7D44200627CB3 /* Pair.swift in Sources */,
				13C7F5D32AD9F16100B908BE /* HomeViewModelInput.swift in Sources */,
				133A87212ADB396700384D5D /* KlineChartDataProvider.swift in Sources */,
				13AA93042AD7D60B00627CB3 /* GetAllPairsRequestModel.swift in Sources */,
				133A87252ADB399400384D5D /* DetailViewModelInput.swift in Sources */,
				13C7F5E22ADADAD200B908BE /* DetailBuilder.swift in Sources */,
				13AA92FB2AD73A6D00627CB3 /* HomeRouter.swift in Sources */,
				13AA92E72AD6BA1D00627CB3 /* RequestModel.swift in Sources */,
				13AA92FE2AD7402200627CB3 /* ResponseModel.swift in Sources */,
				13AA92EE2AD6BAE400627CB3 /* String+Extensions.swift in Sources */,
				13C7F5C32AD8A70500B908BE /* HomePairCollectionViewCellDTO.swift in Sources */,
				13AA92EC2AD6BA4B00627CB3 /* API.swift in Sources */,
				13AA92DF2AD6B3CB00627CB3 /* UIApplication+Extensions.swift in Sources */,
				13C7F5EF2ADAE71D00B908BE /* Date+Extensions.swift in Sources */,
				13C7F5B32AD89F1B00B908BE /* Double+Extensions.swift in Sources */,
				13C7F5C52AD8A72900B908BE /* HomeFavoriteCollectionViewCellDTO.swift in Sources */,
				133A87272ADB3AB200384D5D /* KlineDataRequestDTO.swift in Sources */,
				13AA92E32AD6B9FD00627CB3 /* RequestMethod.swift in Sources */,
				13C7F5AB2AD85BCD00B908BE /* PairAPI.swift in Sources */,
				13AA92F52AD739CB00627CB3 /* HomeBuilder.swift in Sources */,
				13AA92B82AD6A64A00627CB3 /* SceneDelegate.swift in Sources */,
				13AA92EA2AD6BA3D00627CB3 /* Constant.swift in Sources */,
				13C7F5B82AD8A03500B908BE /* HomeFavoriteCollectionViewCellProvider.swift in Sources */,
			);
			runOnlyForDeploymentPostprocessing = 0;
		};
/* End PBXSourcesBuildPhase section */

/* Begin PBXVariantGroup section */
		13AA92C02AD6A64B00627CB3 /* LaunchScreen.storyboard */ = {
			isa = PBXVariantGroup;
			children = (
				13AA92C12AD6A64B00627CB3 /* Base */,
			);
			name = LaunchScreen.storyboard;
			sourceTree = "<group>";
		};
/* End PBXVariantGroup section */

/* Begin XCBuildConfiguration section */
		13AA92C42AD6A64B00627CB3 /* Debug */ = {
			isa = XCBuildConfiguration;
			buildSettings = {
				ALWAYS_SEARCH_USER_PATHS = NO;
				ASSETCATALOG_COMPILER_GENERATE_SWIFT_ASSET_SYMBOL_EXTENSIONS = YES;
				CLANG_ANALYZER_NONNULL = YES;
				CLANG_ANALYZER_NUMBER_OBJECT_CONVERSION = YES_AGGRESSIVE;
				CLANG_CXX_LANGUAGE_STANDARD = "gnu++20";
				CLANG_ENABLE_MODULES = YES;
				CLANG_ENABLE_OBJC_ARC = YES;
				CLANG_ENABLE_OBJC_WEAK = YES;
				CLANG_WARN_BLOCK_CAPTURE_AUTORELEASING = YES;
				CLANG_WARN_BOOL_CONVERSION = YES;
				CLANG_WARN_COMMA = YES;
				CLANG_WARN_CONSTANT_CONVERSION = YES;
				CLANG_WARN_DEPRECATED_OBJC_IMPLEMENTATIONS = YES;
				CLANG_WARN_DIRECT_OBJC_ISA_USAGE = YES_ERROR;
				CLANG_WARN_DOCUMENTATION_COMMENTS = YES;
				CLANG_WARN_EMPTY_BODY = YES;
				CLANG_WARN_ENUM_CONVERSION = YES;
				CLANG_WARN_INFINITE_RECURSION = YES;
				CLANG_WARN_INT_CONVERSION = YES;
				CLANG_WARN_NON_LITERAL_NULL_CONVERSION = YES;
				CLANG_WARN_OBJC_IMPLICIT_RETAIN_SELF = YES;
				CLANG_WARN_OBJC_LITERAL_CONVERSION = YES;
				CLANG_WARN_OBJC_ROOT_CLASS = YES_ERROR;
				CLANG_WARN_QUOTED_INCLUDE_IN_FRAMEWORK_HEADER = YES;
				CLANG_WARN_RANGE_LOOP_ANALYSIS = YES;
				CLANG_WARN_STRICT_PROTOTYPES = YES;
				CLANG_WARN_SUSPICIOUS_MOVE = YES;
				CLANG_WARN_UNGUARDED_AVAILABILITY = YES_AGGRESSIVE;
				CLANG_WARN_UNREACHABLE_CODE = YES;
				CLANG_WARN__DUPLICATE_METHOD_MATCH = YES;
				COPY_PHASE_STRIP = NO;
				DEBUG_INFORMATION_FORMAT = dwarf;
				ENABLE_STRICT_OBJC_MSGSEND = YES;
				ENABLE_TESTABILITY = YES;
				ENABLE_USER_SCRIPT_SANDBOXING = YES;
				GCC_C_LANGUAGE_STANDARD = gnu17;
				GCC_DYNAMIC_NO_PIC = NO;
				GCC_NO_COMMON_BLOCKS = YES;
				GCC_OPTIMIZATION_LEVEL = 0;
				GCC_PREPROCESSOR_DEFINITIONS = (
					"DEBUG=1",
					"$(inherited)",
				);
				GCC_WARN_64_TO_32_BIT_CONVERSION = YES;
				GCC_WARN_ABOUT_RETURN_TYPE = YES_ERROR;
				GCC_WARN_UNDECLARED_SELECTOR = YES;
				GCC_WARN_UNINITIALIZED_AUTOS = YES_AGGRESSIVE;
				GCC_WARN_UNUSED_FUNCTION = YES;
				GCC_WARN_UNUSED_VARIABLE = YES;
				IPHONEOS_DEPLOYMENT_TARGET = 16.0;
				LOCALIZATION_PREFERS_STRING_CATALOGS = YES;
				MTL_ENABLE_DEBUG_INFO = INCLUDE_SOURCE;
				MTL_FAST_MATH = YES;
				ONLY_ACTIVE_ARCH = YES;
				SDKROOT = iphoneos;
				SWIFT_ACTIVE_COMPILATION_CONDITIONS = "DEBUG $(inherited)";
				SWIFT_OPTIMIZATION_LEVEL = "-Onone";
			};
			name = Debug;
		};
		13AA92C52AD6A64B00627CB3 /* Release */ = {
			isa = XCBuildConfiguration;
			buildSettings = {
				ALWAYS_SEARCH_USER_PATHS = NO;
				ASSETCATALOG_COMPILER_GENERATE_SWIFT_ASSET_SYMBOL_EXTENSIONS = YES;
				CLANG_ANALYZER_NONNULL = YES;
				CLANG_ANALYZER_NUMBER_OBJECT_CONVERSION = YES_AGGRESSIVE;
				CLANG_CXX_LANGUAGE_STANDARD = "gnu++20";
				CLANG_ENABLE_MODULES = YES;
				CLANG_ENABLE_OBJC_ARC = YES;
				CLANG_ENABLE_OBJC_WEAK = YES;
				CLANG_WARN_BLOCK_CAPTURE_AUTORELEASING = YES;
				CLANG_WARN_BOOL_CONVERSION = YES;
				CLANG_WARN_COMMA = YES;
				CLANG_WARN_CONSTANT_CONVERSION = YES;
				CLANG_WARN_DEPRECATED_OBJC_IMPLEMENTATIONS = YES;
				CLANG_WARN_DIRECT_OBJC_ISA_USAGE = YES_ERROR;
				CLANG_WARN_DOCUMENTATION_COMMENTS = YES;
				CLANG_WARN_EMPTY_BODY = YES;
				CLANG_WARN_ENUM_CONVERSION = YES;
				CLANG_WARN_INFINITE_RECURSION = YES;
				CLANG_WARN_INT_CONVERSION = YES;
				CLANG_WARN_NON_LITERAL_NULL_CONVERSION = YES;
				CLANG_WARN_OBJC_IMPLICIT_RETAIN_SELF = YES;
				CLANG_WARN_OBJC_LITERAL_CONVERSION = YES;
				CLANG_WARN_OBJC_ROOT_CLASS = YES_ERROR;
				CLANG_WARN_QUOTED_INCLUDE_IN_FRAMEWORK_HEADER = YES;
				CLANG_WARN_RANGE_LOOP_ANALYSIS = YES;
				CLANG_WARN_STRICT_PROTOTYPES = YES;
				CLANG_WARN_SUSPICIOUS_MOVE = YES;
				CLANG_WARN_UNGUARDED_AVAILABILITY = YES_AGGRESSIVE;
				CLANG_WARN_UNREACHABLE_CODE = YES;
				CLANG_WARN__DUPLICATE_METHOD_MATCH = YES;
				COPY_PHASE_STRIP = NO;
				DEBUG_INFORMATION_FORMAT = "dwarf-with-dsym";
				ENABLE_NS_ASSERTIONS = NO;
				ENABLE_STRICT_OBJC_MSGSEND = YES;
				ENABLE_USER_SCRIPT_SANDBOXING = YES;
				GCC_C_LANGUAGE_STANDARD = gnu17;
				GCC_NO_COMMON_BLOCKS = YES;
				GCC_WARN_64_TO_32_BIT_CONVERSION = YES;
				GCC_WARN_ABOUT_RETURN_TYPE = YES_ERROR;
				GCC_WARN_UNDECLARED_SELECTOR = YES;
				GCC_WARN_UNINITIALIZED_AUTOS = YES_AGGRESSIVE;
				GCC_WARN_UNUSED_FUNCTION = YES;
				GCC_WARN_UNUSED_VARIABLE = YES;
				IPHONEOS_DEPLOYMENT_TARGET = 16.0;
				LOCALIZATION_PREFERS_STRING_CATALOGS = YES;
				MTL_ENABLE_DEBUG_INFO = NO;
				MTL_FAST_MATH = YES;
				SDKROOT = iphoneos;
				SWIFT_COMPILATION_MODE = wholemodule;
				VALIDATE_PRODUCT = YES;
			};
			name = Release;
		};
		13AA92C72AD6A64B00627CB3 /* Debug */ = {
			isa = XCBuildConfiguration;
			buildSettings = {
				ASSETCATALOG_COMPILER_APPICON_NAME = AppIcon;
				ASSETCATALOG_COMPILER_GLOBAL_ACCENT_COLOR_NAME = AccentColor;
				CODE_SIGN_STYLE = Automatic;
				CURRENT_PROJECT_VERSION = 1;
				DEVELOPMENT_TEAM = RMTY324S26;
				GENERATE_INFOPLIST_FILE = YES;
				INFOPLIST_FILE = ExRateVaganza/App/Info.plist;
				INFOPLIST_KEY_UIApplicationSupportsIndirectInputEvents = YES;
				INFOPLIST_KEY_UILaunchStoryboardName = LaunchScreen;
				INFOPLIST_KEY_UISupportedInterfaceOrientations = UIInterfaceOrientationPortrait;
				IPHONEOS_DEPLOYMENT_TARGET = 16.0;
				LD_RUNPATH_SEARCH_PATHS = (
					"$(inherited)",
					"@executable_path/Frameworks",
				);
				MARKETING_VERSION = 1.0;
				PRODUCT_BUNDLE_IDENTIFIER = com.bugrayenidunya.ExRateVaganza;
				PRODUCT_NAME = "$(TARGET_NAME)";
				SUPPORTED_PLATFORMS = "iphoneos iphonesimulator";
				SUPPORTS_MACCATALYST = NO;
				SUPPORTS_MAC_DESIGNED_FOR_IPHONE_IPAD = NO;
				SWIFT_EMIT_LOC_STRINGS = YES;
				SWIFT_VERSION = 5.0;
				TARGETED_DEVICE_FAMILY = 1;
			};
			name = Debug;
		};
		13AA92C82AD6A64B00627CB3 /* Release */ = {
			isa = XCBuildConfiguration;
			buildSettings = {
				ASSETCATALOG_COMPILER_APPICON_NAME = AppIcon;
				ASSETCATALOG_COMPILER_GLOBAL_ACCENT_COLOR_NAME = AccentColor;
				CODE_SIGN_STYLE = Automatic;
				CURRENT_PROJECT_VERSION = 1;
				DEVELOPMENT_TEAM = RMTY324S26;
				GENERATE_INFOPLIST_FILE = YES;
				INFOPLIST_FILE = ExRateVaganza/App/Info.plist;
				INFOPLIST_KEY_UIApplicationSupportsIndirectInputEvents = YES;
				INFOPLIST_KEY_UILaunchStoryboardName = LaunchScreen;
				INFOPLIST_KEY_UISupportedInterfaceOrientations = UIInterfaceOrientationPortrait;
				IPHONEOS_DEPLOYMENT_TARGET = 16.0;
				LD_RUNPATH_SEARCH_PATHS = (
					"$(inherited)",
					"@executable_path/Frameworks",
				);
				MARKETING_VERSION = 1.0;
				ONLY_ACTIVE_ARCH = NO;
				PRODUCT_BUNDLE_IDENTIFIER = com.bugrayenidunya.ExRateVaganza;
				PRODUCT_NAME = "$(TARGET_NAME)";
				SUPPORTED_PLATFORMS = "iphoneos iphonesimulator";
				SUPPORTS_MACCATALYST = NO;
				SUPPORTS_MAC_DESIGNED_FOR_IPHONE_IPAD = NO;
				SWIFT_EMIT_LOC_STRINGS = YES;
				SWIFT_VERSION = 5.0;
				TARGETED_DEVICE_FAMILY = 1;
			};
			name = Release;
		};
/* End XCBuildConfiguration section */

/* Begin XCConfigurationList section */
		13AA92AD2AD6A64A00627CB3 /* Build configuration list for PBXProject "ExRateVaganza" */ = {
			isa = XCConfigurationList;
			buildConfigurations = (
				13AA92C42AD6A64B00627CB3 /* Debug */,
				13AA92C52AD6A64B00627CB3 /* Release */,
			);
			defaultConfigurationIsVisible = 0;
			defaultConfigurationName = Release;
		};
		13AA92C62AD6A64B00627CB3 /* Build configuration list for PBXNativeTarget "ExRateVaganza" */ = {
			isa = XCConfigurationList;
			buildConfigurations = (
				13AA92C72AD6A64B00627CB3 /* Debug */,
				13AA92C82AD6A64B00627CB3 /* Release */,
			);
			defaultConfigurationIsVisible = 0;
			defaultConfigurationName = Release;
		};
/* End XCConfigurationList section */

/* Begin XCRemoteSwiftPackageReference section */
		133A87182ADB33E800384D5D /* XCRemoteSwiftPackageReference "Charts" */ = {
			isa = XCRemoteSwiftPackageReference;
			repositoryURL = "https://github.com/danielgindi/Charts";
			requirement = {
				kind = upToNextMajorVersion;
				minimumVersion = 5.0.0;
			};
		};
/* End XCRemoteSwiftPackageReference section */

/* Begin XCSwiftPackageProductDependency section */
		133A87192ADB33E800384D5D /* DGCharts */ = {
			isa = XCSwiftPackageProductDependency;
			package = 133A87182ADB33E800384D5D /* XCRemoteSwiftPackageReference "Charts" */;
			productName = DGCharts;
		};
/* End XCSwiftPackageProductDependency section */
	};
	rootObject = 13AA92AA2AD6A64A00627CB3 /* Project object */;
}
